
Microsoft Visual Studio Solution File, Format Version 12.00
# Visual Studio 14
VisualStudioVersion = 14.0.25420.1
MinimumVisualStudioVersion = 10.0.40219.1
Project("{FAE04EC0-301F-11D3-BF4B-00C04F79EFBC}") = "LogicService.Service", "LogicService.Service\LogicService.Service.csproj", "{151E547C-6537-418B-8540-A542CCEC7681}"
EndProject
Project("{FAE04EC0-301F-11D3-BF4B-00C04F79EFBC}") = "LogicService.Tests", "LogicService.Tests\LogicService.Tests.csproj", "{C0992E4D-0023-44AE-83EB-33D3A9B2DCD2}"
EndProject
Project("{FAE04EC0-301F-11D3-BF4B-00C04F79EFBC}") = "LogicService.Model", "LogicService.Model\LogicService.Model.csproj", "{AA785181-9FC6-4AE4-937A-59F7F2EE7899}"
EndProject
Project("{2150E333-8FDC-42A3-9474-1A3956D46DE8}") = "Prolog.NET", "Prolog.NET", "{818F841C-E167-4098-9B5A-23C923361E04}"
EndProject
Project("{FAE04EC0-301F-11D3-BF4B-00C04F79EFBC}") = "Prolog", "Prolog.NET\sourceCode\Prolog\Prolog\Prolog.csproj", "{171A6B22-168C-4662-8706-131C098622BD}"
EndProject
Project("{FAE04EC0-301F-11D3-BF4B-00C04F79EFBC}") = "PrologLibrary", "Prolog.NET\sourceCode\Prolog\PrologLibrary\PrologLibrary.csproj", "{8BE9C282-573B-4D82-9578-7A50E13B3D85}"
EndProject
Project("{FAE04EC0-301F-11D3-BF4B-00C04F79EFBC}") = "PrologScheduler", "Prolog.NET\sourceCode\Prolog\PrologSchedule\PrologScheduler.csproj", "{3D81B439-74E4-4534-9D56-C8AAE9B320E2}"
EndProject
Project("{FAE04EC0-301F-11D3-BF4B-00C04F79EFBC}") = "PrologTest", "Prolog.NET\sourceCode\Prolog\PrologTest\PrologTest.csproj", "{9FC4BB27-9852-4771-918A-9E5788380895}"
EndProject
Project("{FAE04EC0-301F-11D3-BF4B-00C04F79EFBC}") = "PrologWorkbench", "Prolog.NET\sourceCode\Prolog\PrologWorkbench\PrologWorkbench.csproj", "{65E6D859-7578-4A05-827C-3D36AE640364}"
EndProject
Project("{2150E333-8FDC-42A3-9474-1A3956D46DE8}") = "CSProlog", "CSProlog", "{2E5D8508-1CF4-461F-81AA-37C15F1A0CB6}"
EndProject
Project("{FAE04EC0-301F-11D3-BF4B-00C04F79EFBC}") = "CSProlog", "CSProlog\CSProlog\CSProlog.csproj", "{721E06EF-2BE2-44BF-A0B7-BBE163A29F26}"
EndProject
Project("{FAE04EC0-301F-11D3-BF4B-00C04F79EFBC}") = "PLd", "CSProlog\PLd\PLd.csproj", "{B7438FBF-6E46-4065-A60B-1B1CA2AC9875}"
EndProject
Project("{FAE04EC0-301F-11D3-BF4B-00C04F79EFBC}") = "PLw", "CSProlog\PLw\PLw.csproj", "{BB06ADF9-92C3-4F92-8397-5ACC92208528}"
EndProject
Project("{FAE04EC0-301F-11D3-BF4B-00C04F79EFBC}") = "PLx", "CSProlog\PLx\PLx.csproj", "{E84A59D2-E868-4108-BE9A-55CBB7E85E36}"
EndProject
Global
	GlobalSection(SolutionConfigurationPlatforms) = preSolution
		Debug|Any CPU = Debug|Any CPU
		LibraryRelease|Any CPU = LibraryRelease|Any CPU
		Release|Any CPU = Release|Any CPU
	EndGlobalSection
	GlobalSection(ProjectConfigurationPlatforms) = postSolution
		{151E547C-6537-418B-8540-A542CCEC7681}.Debug|Any CPU.ActiveCfg = Debug|Any CPU
		{151E547C-6537-418B-8540-A542CCEC7681}.Debug|Any CPU.Build.0 = Debug|Any CPU
		{151E547C-6537-418B-8540-A542CCEC7681}.LibraryRelease|Any CPU.ActiveCfg = Release|Any CPU
		{151E547C-6537-418B-8540-A542CCEC7681}.LibraryRelease|Any CPU.Build.0 = Release|Any CPU
		{151E547C-6537-418B-8540-A542CCEC7681}.Release|Any CPU.ActiveCfg = Release|Any CPU
		{151E547C-6537-418B-8540-A542CCEC7681}.Release|Any CPU.Build.0 = Release|Any CPU
		{C0992E4D-0023-44AE-83EB-33D3A9B2DCD2}.Debug|Any CPU.ActiveCfg = Debug|Any CPU
		{C0992E4D-0023-44AE-83EB-33D3A9B2DCD2}.Debug|Any CPU.Build.0 = Debug|Any CPU
		{C0992E4D-0023-44AE-83EB-33D3A9B2DCD2}.LibraryRelease|Any CPU.ActiveCfg = Release|Any CPU
		{C0992E4D-0023-44AE-83EB-33D3A9B2DCD2}.LibraryRelease|Any CPU.Build.0 = Release|Any CPU
		{C0992E4D-0023-44AE-83EB-33D3A9B2DCD2}.Release|Any CPU.ActiveCfg = Release|Any CPU
		{C0992E4D-0023-44AE-83EB-33D3A9B2DCD2}.Release|Any CPU.Build.0 = Release|Any CPU
		{AA785181-9FC6-4AE4-937A-59F7F2EE7899}.Debug|Any CPU.ActiveCfg = Debug|Any CPU
		{AA785181-9FC6-4AE4-937A-59F7F2EE7899}.Debug|Any CPU.Build.0 = Debug|Any CPU
		{AA785181-9FC6-4AE4-937A-59F7F2EE7899}.LibraryRelease|Any CPU.ActiveCfg = Release|Any CPU
		{AA785181-9FC6-4AE4-937A-59F7F2EE7899}.LibraryRelease|Any CPU.Build.0 = Release|Any CPU
		{AA785181-9FC6-4AE4-937A-59F7F2EE7899}.Release|Any CPU.ActiveCfg = Release|Any CPU
		{AA785181-9FC6-4AE4-937A-59F7F2EE7899}.Release|Any CPU.Build.0 = Release|Any CPU
		{171A6B22-168C-4662-8706-131C098622BD}.Debug|Any CPU.ActiveCfg = Debug|Any CPU
		{171A6B22-168C-4662-8706-131C098622BD}.Debug|Any CPU.Build.0 = Debug|Any CPU
		{171A6B22-168C-4662-8706-131C098622BD}.LibraryRelease|Any CPU.ActiveCfg = Release|Any CPU
		{171A6B22-168C-4662-8706-131C098622BD}.LibraryRelease|Any CPU.Build.0 = Release|Any CPU
		{171A6B22-168C-4662-8706-131C098622BD}.Release|Any CPU.ActiveCfg = Release|Any CPU
		{171A6B22-168C-4662-8706-131C098622BD}.Release|Any CPU.Build.0 = Release|Any CPU
		{8BE9C282-573B-4D82-9578-7A50E13B3D85}.Debug|Any CPU.ActiveCfg = Debug|Any CPU
		{8BE9C282-573B-4D82-9578-7A50E13B3D85}.Debug|Any CPU.Build.0 = Debug|Any CPU
		{8BE9C282-573B-4D82-9578-7A50E13B3D85}.LibraryRelease|Any CPU.ActiveCfg = Release|Any CPU
		{8BE9C282-573B-4D82-9578-7A50E13B3D85}.LibraryRelease|Any CPU.Build.0 = Release|Any CPU
		{8BE9C282-573B-4D82-9578-7A50E13B3D85}.Release|Any CPU.ActiveCfg = Release|Any CPU
		{8BE9C282-573B-4D82-9578-7A50E13B3D85}.Release|Any CPU.Build.0 = Release|Any CPU
		{3D81B439-74E4-4534-9D56-C8AAE9B320E2}.Debug|Any CPU.ActiveCfg = Debug|Any CPU
		{3D81B439-74E4-4534-9D56-C8AAE9B320E2}.Debug|Any CPU.Build.0 = Debug|Any CPU
		{3D81B439-74E4-4534-9D56-C8AAE9B320E2}.LibraryRelease|Any CPU.ActiveCfg = Release|Any CPU
		{3D81B439-74E4-4534-9D56-C8AAE9B320E2}.LibraryRelease|Any CPU.Build.0 = Release|Any CPU
		{3D81B439-74E4-4534-9D56-C8AAE9B320E2}.Release|Any CPU.ActiveCfg = Release|Any CPU
		{3D81B439-74E4-4534-9D56-C8AAE9B320E2}.Release|Any CPU.Build.0 = Release|Any CPU
		{9FC4BB27-9852-4771-918A-9E5788380895}.Debug|Any CPU.ActiveCfg = Debug|Any CPU
		{9FC4BB27-9852-4771-918A-9E5788380895}.Debug|Any CPU.Build.0 = Debug|Any CPU
		{9FC4BB27-9852-4771-918A-9E5788380895}.LibraryRelease|Any CPU.ActiveCfg = Release|Any CPU
		{9FC4BB27-9852-4771-918A-9E5788380895}.LibraryRelease|Any CPU.Build.0 = Release|Any CPU
		{9FC4BB27-9852-4771-918A-9E5788380895}.Release|Any CPU.ActiveCfg = Release|Any CPU
		{9FC4BB27-9852-4771-918A-9E5788380895}.Release|Any CPU.Build.0 = Release|Any CPU
		{65E6D859-7578-4A05-827C-3D36AE640364}.Debug|Any CPU.ActiveCfg = Debug|Any CPU
		{65E6D859-7578-4A05-827C-3D36AE640364}.Debug|Any CPU.Build.0 = Debug|Any CPU
		{65E6D859-7578-4A05-827C-3D36AE640364}.LibraryRelease|Any CPU.ActiveCfg = Release|Any CPU
		{65E6D859-7578-4A05-827C-3D36AE640364}.LibraryRelease|Any CPU.Build.0 = Release|Any CPU
		{65E6D859-7578-4A05-827C-3D36AE640364}.Release|Any CPU.ActiveCfg = Release|Any CPU
		{65E6D859-7578-4A05-827C-3D36AE640364}.Release|Any CPU.Build.0 = Release|Any CPU
		{721E06EF-2BE2-44BF-A0B7-BBE163A29F26}.Debug|Any CPU.ActiveCfg = Debug|Any CPU
		{721E06EF-2BE2-44BF-A0B7-BBE163A29F26}.Debug|Any CPU.Build.0 = Debug|Any CPU
		{721E06EF-2BE2-44BF-A0B7-BBE163A29F26}.LibraryRelease|Any CPU.ActiveCfg = LibraryRelease|Any CPU
		{721E06EF-2BE2-44BF-A0B7-BBE163A29F26}.LibraryRelease|Any CPU.Build.0 = LibraryRelease|Any CPU
		{721E06EF-2BE2-44BF-A0B7-BBE163A29F26}.Release|Any CPU.ActiveCfg = Release|Any CPU
		{721E06EF-2BE2-44BF-A0B7-BBE163A29F26}.Release|Any CPU.Build.0 = Release|Any CPU
		{B7438FBF-6E46-4065-A60B-1B1CA2AC9875}.Debug|Any CPU.ActiveCfg = Debug|Any CPU
		{B7438FBF-6E46-4065-A60B-1B1CA2AC9875}.Debug|Any CPU.Build.0 = Debug|Any CPU
		{B7438FBF-6E46-4065-A60B-1B1CA2AC9875}.LibraryRelease|Any CPU.ActiveCfg = Release|Any CPU
		{B7438FBF-6E46-4065-A60B-1B1CA2AC9875}.LibraryRelease|Any CPU.Build.0 = Release|Any CPU
		{B7438FBF-6E46-4065-A60B-1B1CA2AC9875}.Release|Any CPU.ActiveCfg = Release|Any CPU
		{B7438FBF-6E46-4065-A60B-1B1CA2AC9875}.Release|Any CPU.Build.0 = Release|Any CPU
		{BB06ADF9-92C3-4F92-8397-5ACC92208528}.Debug|Any CPU.ActiveCfg = Debug|Any CPU
		{BB06ADF9-92C3-4F92-8397-5ACC92208528}.Debug|Any CPU.Build.0 = Debug|Any CPU
		{BB06ADF9-92C3-4F92-8397-5ACC92208528}.LibraryRelease|Any CPU.ActiveCfg = Release|Any CPU
		{BB06ADF9-92C3-4F92-8397-5ACC92208528}.LibraryRelease|Any CPU.Build.0 = Release|Any CPU
		{BB06ADF9-92C3-4F92-8397-5ACC92208528}.Release|Any CPU.ActiveCfg = Release|Any CPU
		{BB06ADF9-92C3-4F92-8397-5ACC92208528}.Release|Any CPU.Build.0 = Release|Any CPU
		{E84A59D2-E868-4108-BE9A-55CBB7E85E36}.Debug|Any CPU.ActiveCfg = Debug|Any CPU
		{E84A59D2-E868-4108-BE9A-55CBB7E85E36}.Debug|Any CPU.Build.0 = Debug|Any CPU
		{E84A59D2-E868-4108-BE9A-55CBB7E85E36}.LibraryRelease|Any CPU.ActiveCfg = Release|Any CPU
		{E84A59D2-E868-4108-BE9A-55CBB7E85E36}.LibraryRelease|Any CPU.Build.0 = Release|Any CPU
		{E84A59D2-E868-4108-BE9A-55CBB7E85E36}.Release|Any CPU.ActiveCfg = Release|Any CPU
		{E84A59D2-E868-4108-BE9A-55CBB7E85E36}.Release|Any CPU.Build.0 = Release|Any CPU
	EndGlobalSection
	GlobalSection(SolutionProperties) = preSolution
		HideSolutionNode = FALSE
	EndGlobalSection
	GlobalSection(NestedProjects) = preSolution
		{171A6B22-168C-4662-8706-131C098622BD} = {818F841C-E167-4098-9B5A-23C923361E04}
		{8BE9C282-573B-4D82-9578-7A50E13B3D85} = {818F841C-E167-4098-9B5A-23C923361E04}
		{3D81B439-74E4-4534-9D56-C8AAE9B320E2} = {818F841C-E167-4098-9B5A-23C923361E04}
		{9FC4BB27-9852-4771-918A-9E5788380895} = {818F841C-E167-4098-9B5A-23C923361E04}
		{65E6D859-7578-4A05-827C-3D36AE640364} = {818F841C-E167-4098-9B5A-23C923361E04}
		{721E06EF-2BE2-44BF-A0B7-BBE163A29F26} = {2E5D8508-1CF4-461F-81AA-37C15F1A0CB6}
		{B7438FBF-6E46-4065-A60B-1B1CA2AC9875} = {2E5D8508-1CF4-461F-81AA-37C15F1A0CB6}
		{BB06ADF9-92C3-4F92-8397-5ACC92208528} = {2E5D8508-1CF4-461F-81AA-37C15F1A0CB6}
		{E84A59D2-E868-4108-BE9A-55CBB7E85E36} = {2E5D8508-1CF4-461F-81AA-37C15F1A0CB6}
	EndGlobalSection
EndGlobal
